<?xml version="1.0" encoding="utf-8"?>
<Project ToolsVersion="4.0" xmlns="http://schemas.microsoft.com/developer/msbuild/2003">
  <ItemGroup>
    <Filter Include="ソース ファイル">
      <UniqueIdentifier>{4FC737F1-C7A5-4376-A066-2A32D752A2FF}</UniqueIdentifier>
      <Extensions>cpp;c;cc;cxx;def;odl;idl;hpj;bat;asm;asmx</Extensions>
    </Filter>
    <Filter Include="ヘッダー ファイル">
      <UniqueIdentifier>{93995380-89BD-4b04-88EB-625FBE52EBFB}</UniqueIdentifier>
      <Extensions>h;hh;hpp;hxx;hm;inl;inc;xsd</Extensions>
    </Filter>
    <Filter Include="リソース ファイル">
      <UniqueIdentifier>{67DA6AB6-F800-4c08-8B7A-83BB121AAD01}</UniqueIdentifier>
      <Extensions>rc;ico;cur;bmp;dlg;rc2;rct;bin;rgs;gif;jpg;jpeg;jpe;resx;tiff;tif;png;wav;mfcribbon-ms</Extensions>
    </Filter>
    <Filter Include="ソース ファイル\弾丸">
      <UniqueIdentifier>{bbd0f1e3-f213-471b-b1db-f1c6399cf604}</UniqueIdentifier>
    </Filter>
    <Filter Include="ソース ファイル\Background">
      <UniqueIdentifier>{88cdac8d-60d6-4582-b7ad-3eafb9548c42}</UniqueIdentifier>
    </Filter>
    <Filter Include="ソース ファイル\Hero">
      <UniqueIdentifier>{4047160e-27dd-4f41-b724-a04fbe9d5cf9}</UniqueIdentifier>
    </Filter>
    <Filter Include="ソース ファイル\Heart">
      <UniqueIdentifier>{27692cd5-6cfc-42b8-83ef-33010d7d2d10}</UniqueIdentifier>
    </Filter>
    <Filter Include="ソース ファイル\Enemy">
      <UniqueIdentifier>{ab39bb48-5a91-498a-9235-bbeae18ff5a2}</UniqueIdentifier>
    </Filter>
    <Filter Include="ソース ファイル\EnemyData">
      <UniqueIdentifier>{ca3b7fff-0681-4ace-9a6b-463a850b556e}</UniqueIdentifier>
    </Filter>
    <Filter Include="ソース ファイル\Title">
      <UniqueIdentifier>{1966f628-c161-44c4-b70d-553d7a256267}</UniqueIdentifier>
    </Filter>
    <Filter Include="ソース ファイル\GameOver">
      <UniqueIdentifier>{db2a107d-a9e3-44ac-b260-dbb2a698fb76}</UniqueIdentifier>
    </Filter>
    <Filter Include="ソース ファイル\GameClear">
      <UniqueIdentifier>{3ff10dce-0aa0-476b-b048-85aa22a965e4}</UniqueIdentifier>
    </Filter>
    <Filter Include="ソース ファイル\Time">
      <UniqueIdentifier>{8da3bc27-af54-482f-a6a6-9415701dea2c}</UniqueIdentifier>
    </Filter>
    <Filter Include="ソース ファイル\Gauge">
      <UniqueIdentifier>{6f57e89a-8b69-415b-aa12-e99c2bf4471b}</UniqueIdentifier>
    </Filter>
    <Filter Include="ソース ファイル\Defense">
      <UniqueIdentifier>{d7a87074-5825-4455-82a9-762cef53cfff}</UniqueIdentifier>
    </Filter>
    <Filter Include="ソース ファイル\Heartitem">
      <UniqueIdentifier>{26ab9d28-f9c5-4459-81dc-ab20317f9593}</UniqueIdentifier>
    </Filter>
    <Filter Include="ソース ファイル\Description">
      <UniqueIdentifier>{83fa5004-05f3-4233-9be5-e5bbcda951d1}</UniqueIdentifier>
    </Filter>
    <Filter Include="ソース ファイル\Back">
      <UniqueIdentifier>{3113f433-5e42-4134-a09d-da8b6e2e2279}</UniqueIdentifier>
    </Filter>
    <Filter Include="ソース ファイル\RankM">
      <UniqueIdentifier>{f27b9ae3-aff7-41f4-a53d-8fad1d953695}</UniqueIdentifier>
    </Filter>
    <Filter Include="ソース ファイル\Warning">
      <UniqueIdentifier>{9f60e2f1-8138-40b1-8f9f-3243a4ae2bb1}</UniqueIdentifier>
    </Filter>
    <Filter Include="ソース ファイル\Speedup">
      <UniqueIdentifier>{1e6f5d0c-0308-491b-bca9-aba3469a9cb4}</UniqueIdentifier>
    </Filter>
    <Filter Include="ソース ファイル\Score">
      <UniqueIdentifier>{2c14ae4a-2938-4a18-a299-f0bd47f632a5}</UniqueIdentifier>
    </Filter>
  </ItemGroup>
  <ItemGroup>
    <ClCompile Include="Audio.cpp">
      <Filter>リソース ファイル</Filter>
    </ClCompile>
    <ClCompile Include="Collision.cpp">
      <Filter>リソース ファイル</Filter>
    </ClCompile>
    <ClCompile Include="DeviceCreate.cpp">
      <Filter>リソース ファイル</Filter>
    </ClCompile>
    <ClCompile Include="Draw2DPolygon.cpp">
      <Filter>リソース ファイル</Filter>
    </ClCompile>
    <ClCompile Include="FontTex.cpp">
      <Filter>リソース ファイル</Filter>
    </ClCompile>
    <ClCompile Include="Input.cpp">
      <Filter>リソース ファイル</Filter>
    </ClCompile>
    <ClCompile Include="TaskSystem.cpp">
      <Filter>リソース ファイル</Filter>
    </ClCompile>
    <ClCompile Include="WindowCreate.cpp">
      <Filter>リソース ファイル</Filter>
    </ClCompile>
    <ClCompile Include="Hero.cpp">
      <Filter>ソース ファイル\Hero</Filter>
    </ClCompile>
    <ClCompile Include="main.cpp">
      <Filter>ソース ファイル</Filter>
    </ClCompile>
    <ClCompile Include="Bullet.cpp">
      <Filter>ソース ファイル\弾丸</Filter>
    </ClCompile>
    <ClCompile Include="Background.cpp">
      <Filter>ソース ファイル\Background</Filter>
    </ClCompile>
    <ClCompile Include="Heart.cpp">
      <Filter>ソース ファイル\Heart</Filter>
    </ClCompile>
    <ClCompile Include="Enemy.cpp">
      <Filter>ソース ファイル\Enemy</Filter>
    </ClCompile>
    <ClCompile Include="EnemyData.cpp">
      <Filter>ソース ファイル\EnemyData</Filter>
    </ClCompile>
    <ClCompile Include="Title.cpp">
      <Filter>ソース ファイル\Title</Filter>
    </ClCompile>
    <ClCompile Include="GameOver.cpp">
      <Filter>ソース ファイル\GameOver</Filter>
    </ClCompile>
    <ClCompile Include="GameClear.cpp">
      <Filter>ソース ファイル\GameClear</Filter>
    </ClCompile>
    <ClCompile Include="Time.cpp">
      <Filter>ソース ファイル\Time</Filter>
    </ClCompile>
    <ClCompile Include="Gauge.cpp">
      <Filter>ソース ファイル\Gauge</Filter>
    </ClCompile>
    <ClCompile Include="Defense.cpp">
      <Filter>ソース ファイル\Defense</Filter>
    </ClCompile>
    <ClCompile Include="Heartitem.cpp">
      <Filter>ソース ファイル\Heartitem</Filter>
    </ClCompile>
    <ClCompile Include="Description.cpp">
      <Filter>ソース ファイル\Description</Filter>
    </ClCompile>
    <ClCompile Include="Back.cpp">
      <Filter>ソース ファイル\Back</Filter>
    </ClCompile>
    <ClCompile Include="RankM.cpp">
      <Filter>ソース ファイル\RankM</Filter>
    </ClCompile>
    <ClCompile Include="Speedup.cpp">
      <Filter>ソース ファイル\Speedup</Filter>
    </ClCompile>
    <ClCompile Include="Warning.cpp">
      <Filter>ソース ファイル\Warning</Filter>
    </ClCompile>
    <ClCompile Include="Score.cpp">
      <Filter>ソース ファイル\Score</Filter>
    </ClCompile>
  </ItemGroup>
  <ItemGroup>
    <ClInclude Include="Audio.h">
      <Filter>リソース ファイル</Filter>
    </ClInclude>
    <ClInclude Include="Collision.h">
      <Filter>リソース ファイル</Filter>
    </ClInclude>
    <ClInclude Include="DeviceCreate.h">
      <Filter>リソース ファイル</Filter>
    </ClInclude>
    <ClInclude Include="Draw2DPolygon.h">
      <Filter>リソース ファイル</Filter>
    </ClInclude>
    <ClInclude Include="FontTex.h">
      <Filter>リソース ファイル</Filter>
    </ClInclude>
    <ClInclude Include="Input.h">
      <Filter>リソース ファイル</Filter>
    </ClInclude>
    <ClInclude Include="TaskSystem.h">
      <Filter>リソース ファイル</Filter>
    </ClInclude>
    <ClInclude Include="WindowCreate.h">
      <Filter>リソース ファイル</Filter>
    </ClInclude>
    <ClInclude Include="Hero.h">
      <Filter>ソース ファイル\Hero</Filter>
    </ClInclude>
    <ClInclude Include="Bullet.h">
      <Filter>ソース ファイル\弾丸</Filter>
    </ClInclude>
    <ClInclude Include="Background.h">
      <Filter>ソース ファイル\Background</Filter>
    </ClInclude>
    <ClInclude Include="Heart.h">
      <Filter>ソース ファイル\Heart</Filter>
    </ClInclude>
    <ClInclude Include="Enemy.h">
      <Filter>ソース ファイル\Enemy</Filter>
    </ClInclude>
    <ClInclude Include="EnemyData.h">
      <Filter>ソース ファイル\EnemyData</Filter>
    </ClInclude>
    <ClInclude Include="Title.h">
      <Filter>ソース ファイル\Title</Filter>
    </ClInclude>
    <ClInclude Include="GameOver.h">
      <Filter>ソース ファイル\GameOver</Filter>
    </ClInclude>
    <ClInclude Include="GameClear.h">
      <Filter>ソース ファイル\GameClear</Filter>
    </ClInclude>
    <ClInclude Include="Time.h">
      <Filter>ソース ファイル\Time</Filter>
    </ClInclude>
    <ClInclude Include="Gauge.h">
      <Filter>ソース ファイル\Gauge</Filter>
    </ClInclude>
    <ClInclude Include="Defense.h">
      <Filter>ソース ファイル\Defense</Filter>
    </ClInclude>
    <ClInclude Include="Heartitem.h">
      <Filter>ソース ファイル\Heartitem</Filter>
    </ClInclude>
    <ClInclude Include="Description.h">
      <Filter>ソース ファイル\Description</Filter>
    </ClInclude>
    <ClInclude Include="Back.h">
      <Filter>ソース ファイル\Back</Filter>
    </ClInclude>
    <ClInclude Include="RankM.h">
      <Filter>ソース ファイル\RankM</Filter>
    </ClInclude>
    <ClInclude Include="Speedup.h">
      <Filter>ソース ファイル\Speedup</Filter>
    </ClInclude>
    <ClInclude Include="Warning.h">
      <Filter>ソース ファイル\Warning</Filter>
    </ClInclude>
    <ClInclude Include="Score.h">
      <Filter>ソース ファイル\Score</Filter>
    </ClInclude>
  </ItemGroup>
</Project>