<?xml version="1.0" encoding="utf-8"?>
<Project ToolsVersion="4.0" xmlns="http://schemas.microsoft.com/developer/msbuild/2003">
  <ItemGroup>
    <Filter Include="ソース ファイル">
      <UniqueIdentifier>{4FC737F1-C7A5-4376-A066-2A32D752A2FF}</UniqueIdentifier>
      <Extensions>cpp;c;cc;cxx;def;odl;idl;hpj;bat;asm;asmx</Extensions>
    </Filter>
    <Filter Include="ヘッダー ファイル">
      <UniqueIdentifier>{93995380-89BD-4b04-88EB-625FBE52EBFB}</UniqueIdentifier>
      <Extensions>h;hh;hpp;hxx;hm;inl;inc;xsd</Extensions>
    </Filter>
    <Filter Include="リソース ファイル">
      <UniqueIdentifier>{67DA6AB6-F800-4c08-8B7A-83BB121AAD01}</UniqueIdentifier>
      <Extensions>rc;ico;cur;bmp;dlg;rc2;rct;bin;rgs;gif;jpg;jpeg;jpe;resx;tiff;tif;png;wav;mfcribbon-ms</Extensions>
    </Filter>
    <Filter Include="ソース ファイル\弾丸">
      <UniqueIdentifier>{bbd0f1e3-f213-471b-b1db-f1c6399cf604}</UniqueIdentifier>
    </Filter>
    <Filter Include="ソース ファイル\Dust">
      <UniqueIdentifier>{c51d3a6e-8361-456e-ba1b-8c39f6d79484}</UniqueIdentifier>
    </Filter>
    <Filter Include="ソース ファイル\Meteorite">
      <UniqueIdentifier>{db46ef5a-4f85-45fb-9b3f-979959c99afd}</UniqueIdentifier>
    </Filter>
    <Filter Include="ソース ファイル\Background">
      <UniqueIdentifier>{88cdac8d-60d6-4582-b7ad-3eafb9548c42}</UniqueIdentifier>
    </Filter>
    <Filter Include="ソース ファイル\Select">
      <UniqueIdentifier>{6d15810d-44e6-4685-bf01-0b9199f7e56b}</UniqueIdentifier>
    </Filter>
    <Filter Include="ソース ファイル\Hero">
      <UniqueIdentifier>{4047160e-27dd-4f41-b724-a04fbe9d5cf9}</UniqueIdentifier>
    </Filter>
    <Filter Include="ソース ファイル\Enemy1">
      <UniqueIdentifier>{a2731803-d527-4c40-b344-39d1a015504e}</UniqueIdentifier>
    </Filter>
    <Filter Include="ソース ファイル\Enemy2">
      <UniqueIdentifier>{6225c294-78d5-43db-8100-0d813af72cfa}</UniqueIdentifier>
    </Filter>
    <Filter Include="ソース ファイル\敵の弾丸">
      <UniqueIdentifier>{f7fb6748-9024-4c42-9594-38bb896854a4}</UniqueIdentifier>
    </Filter>
    <Filter Include="ソース ファイル\Heart">
      <UniqueIdentifier>{27692cd5-6cfc-42b8-83ef-33010d7d2d10}</UniqueIdentifier>
    </Filter>
  </ItemGroup>
  <ItemGroup>
    <ClCompile Include="Audio.cpp">
      <Filter>リソース ファイル</Filter>
    </ClCompile>
    <ClCompile Include="Collision.cpp">
      <Filter>リソース ファイル</Filter>
    </ClCompile>
    <ClCompile Include="DeviceCreate.cpp">
      <Filter>リソース ファイル</Filter>
    </ClCompile>
    <ClCompile Include="Draw2DPolygon.cpp">
      <Filter>リソース ファイル</Filter>
    </ClCompile>
    <ClCompile Include="FontTex.cpp">
      <Filter>リソース ファイル</Filter>
    </ClCompile>
    <ClCompile Include="Input.cpp">
      <Filter>リソース ファイル</Filter>
    </ClCompile>
    <ClCompile Include="TaskSystem.cpp">
      <Filter>リソース ファイル</Filter>
    </ClCompile>
    <ClCompile Include="WindowCreate.cpp">
      <Filter>リソース ファイル</Filter>
    </ClCompile>
    <ClCompile Include="Hero.cpp">
      <Filter>ソース ファイル\Hero</Filter>
    </ClCompile>
    <ClCompile Include="main.cpp">
      <Filter>ソース ファイル</Filter>
    </ClCompile>
    <ClCompile Include="Bullet.cpp">
      <Filter>ソース ファイル\弾丸</Filter>
    </ClCompile>
    <ClCompile Include="Dust.cpp">
      <Filter>ソース ファイル\Dust</Filter>
    </ClCompile>
    <ClCompile Include="Meteorite.cpp">
      <Filter>ソース ファイル\Meteorite</Filter>
    </ClCompile>
    <ClCompile Include="Background.cpp">
      <Filter>ソース ファイル\Background</Filter>
    </ClCompile>
    <ClCompile Include="Select.cpp">
      <Filter>ソース ファイル\Select</Filter>
    </ClCompile>
    <ClCompile Include="Enemy1.cpp">
      <Filter>ソース ファイル\Enemy1</Filter>
    </ClCompile>
    <ClCompile Include="Enemy2.cpp">
      <Filter>ソース ファイル\Enemy2</Filter>
    </ClCompile>
    <ClCompile Include="Enemybullet.cpp">
      <Filter>ソース ファイル\敵の弾丸</Filter>
    </ClCompile>
    <ClCompile Include="Heart.cpp">
      <Filter>ソース ファイル\Heart</Filter>
    </ClCompile>
  </ItemGroup>
  <ItemGroup>
    <ClInclude Include="Audio.h">
      <Filter>リソース ファイル</Filter>
    </ClInclude>
    <ClInclude Include="Collision.h">
      <Filter>リソース ファイル</Filter>
    </ClInclude>
    <ClInclude Include="DeviceCreate.h">
      <Filter>リソース ファイル</Filter>
    </ClInclude>
    <ClInclude Include="Draw2DPolygon.h">
      <Filter>リソース ファイル</Filter>
    </ClInclude>
    <ClInclude Include="FontTex.h">
      <Filter>リソース ファイル</Filter>
    </ClInclude>
    <ClInclude Include="Input.h">
      <Filter>リソース ファイル</Filter>
    </ClInclude>
    <ClInclude Include="TaskSystem.h">
      <Filter>リソース ファイル</Filter>
    </ClInclude>
    <ClInclude Include="WindowCreate.h">
      <Filter>リソース ファイル</Filter>
    </ClInclude>
    <ClInclude Include="Hero.h">
      <Filter>ソース ファイル\Hero</Filter>
    </ClInclude>
    <ClInclude Include="Bullet.h">
      <Filter>ソース ファイル\弾丸</Filter>
    </ClInclude>
    <ClInclude Include="Dust.h">
      <Filter>ソース ファイル\Dust</Filter>
    </ClInclude>
    <ClInclude Include="Meteorite.h">
      <Filter>ソース ファイル\Meteorite</Filter>
    </ClInclude>
    <ClInclude Include="Background.h">
      <Filter>ソース ファイル\Background</Filter>
    </ClInclude>
    <ClInclude Include="Select.h">
      <Filter>ソース ファイル\Select</Filter>
    </ClInclude>
    <ClInclude Include="Enemy1.h">
      <Filter>ソース ファイル\Enemy1</Filter>
    </ClInclude>
    <ClInclude Include="Enemy2.h">
      <Filter>ソース ファイル\Enemy2</Filter>
    </ClInclude>
    <ClInclude Include="Enemybullet.h">
      <Filter>ソース ファイル\敵の弾丸</Filter>
    </ClInclude>
    <ClInclude Include="Heart.h">
      <Filter>ソース ファイル\Heart</Filter>
    </ClInclude>
  </ItemGroup>
</Project>